
Microsoft Visual Studio Solution File, Format Version 12.00
# Visual Studio Version 17
VisualStudioVersion = 17.7.34202.233
MinimumVisualStudioVersion = 10.0.40219.1
Project("{9A19103F-16F7-4668-BE54-9A1E7A4F7556}") = "Essay", "Essay\Essay.csproj", "{363990AB-2192-4A63-9FCF-35F6D4613506}"
EndProject
Global
	GlobalSection(SolutionConfigurationPlatforms) = preSolution
		Debug|Any CPU = Debug|Any CPU
		Release|Any CPU = Release|Any CPU
	EndGlobalSection
	GlobalSection(ProjectConfigurationPlatforms) = postSolution
		{363990AB-2192-4A63-9FCF-35F6D4613506}.Debug|Any CPU.ActiveCfg = Debug|Any CPU
		{363990AB-2192-4A63-9FCF-35F6D4613506}.Debug|Any CPU.Build.0 = Debug|Any CPU
		{363990AB-2192-4A63-9FCF-35F6D4613506}.Release|Any CPU.ActiveCfg = Release|Any CPU
		{363990AB-2192-4A63-9FCF-35F6D4613506}.Release|Any CPU.Build.0 = Release|Any CPU
	EndGlobalSection
	GlobalSection(SolutionProperties) = preSolution
		HideSolutionNode = FALSE
	EndGlobalSection
	GlobalSection(ExtensibilityGlobals) = postSolution
		SolutionGuid = {9559CFD2-E10D-45A2-AEC0-1D8CF4751D0E}
	EndGlobalSection
EndGlobal
